
Microsoft Visual Studio Solution File, Format Version 12.00
# Visual Studio Version 17
VisualStudioVersion = 17.14.36212.18
MinimumVisualStudioVersion = 10.0.40219.1
Project("{FAE04EC0-301F-11D3-BF4B-00C04F79EFBC}") = "ShelfManagerBlazor", "ShelfManagerBlazor\ShelfManagerBlazor.csproj", "{4D7FB39F-4DA1-A607-4D50-5D1552599D93}"
EndProject
Project("{FAE04EC0-301F-11D3-BF4B-00C04F79EFBC}") = "ShelfControls", "ShelfControls\ShelfControls.csproj", "{9BEA423C-659F-5880-8CF3-BBD93EAEAD5F}"
EndProject
Global
	GlobalSection(SolutionConfigurationPlatforms) = preSolution
		Debug|Any CPU = Debug|Any CPU
		Release|Any CPU = Release|Any CPU
	EndGlobalSection
	GlobalSection(ProjectConfigurationPlatforms) = postSolution
		{4D7FB39F-4DA1-A607-4D50-5D1552599D93}.Debug|Any CPU.ActiveCfg = Debug|Any CPU
		{4D7FB39F-4DA1-A607-4D50-5D1552599D93}.Debug|Any CPU.Build.0 = Debug|Any CPU
		{4D7FB39F-4DA1-A607-4D50-5D1552599D93}.Release|Any CPU.ActiveCfg = Release|Any CPU
		{4D7FB39F-4DA1-A607-4D50-5D1552599D93}.Release|Any CPU.Build.0 = Release|Any CPU
		{9BEA423C-659F-5880-8CF3-BBD93EAEAD5F}.Debug|Any CPU.ActiveCfg = Debug|Any CPU
		{9BEA423C-659F-5880-8CF3-BBD93EAEAD5F}.Debug|Any CPU.Build.0 = Debug|Any CPU
		{9BEA423C-659F-5880-8CF3-BBD93EAEAD5F}.Release|Any CPU.ActiveCfg = Release|Any CPU
		{9BEA423C-659F-5880-8CF3-BBD93EAEAD5F}.Release|Any CPU.Build.0 = Release|Any CPU
	EndGlobalSection
	GlobalSection(SolutionProperties) = preSolution
		HideSolutionNode = FALSE
	EndGlobalSection
	GlobalSection(ExtensibilityGlobals) = postSolution
		SolutionGuid = {C3E0A3E7-4B33-4E54-8015-6F377D5A3C02}
	EndGlobalSection
EndGlobal
